
Microsoft Visual Studio Solution File, Format Version 12.00
# Visual Studio Version 17
VisualStudioVersion = 17.7.34202.233
MinimumVisualStudioVersion = 10.0.40219.1
Project("{FAE04EC0-301F-11D3-BF4B-00C04F79EFBC}") = "AplicatieProiect", "AplicatieProiect.csproj", "{C44AABA1-0464-470F-A135-23A54282C0C3}"
EndProject
Global
	GlobalSection(SolutionConfigurationPlatforms) = preSolution
		Debug|Any CPU = Debug|Any CPU
		Release|Any CPU = Release|Any CPU
	EndGlobalSection
	GlobalSection(ProjectConfigurationPlatforms) = postSolution
		{C44AABA1-0464-470F-A135-23A54282C0C3}.Debug|Any CPU.ActiveCfg = Debug|Any CPU
		{C44AABA1-0464-470F-A135-23A54282C0C3}.Debug|Any CPU.Build.0 = Debug|Any CPU
		{C44AABA1-0464-470F-A135-23A54282C0C3}.Release|Any CPU.ActiveCfg = Release|Any CPU
		{C44AABA1-0464-470F-A135-23A54282C0C3}.Release|Any CPU.Build.0 = Release|Any CPU
	EndGlobalSection
	GlobalSection(SolutionProperties) = preSolution
		HideSolutionNode = FALSE
	EndGlobalSection
	GlobalSection(ExtensibilityGlobals) = postSolution
		SolutionGuid = {0D39347D-BA56-4F81-8419-964F3DD525EE}
	EndGlobalSection
EndGlobal
